
Microsoft Visual Studio Solution File, Format Version 12.00
# Visual Studio Version 16
VisualStudioVersion = 16.0.31911.196
MinimumVisualStudioVersion = 10.0.40219.1
Project("{FAE04EC0-301F-11D3-BF4B-00C04F79EFBC}") = "AppointmentScheduling", "AppointmentScheduling\AppointmentScheduling.csproj", "{A3FFDBAA-5611-4AD0-995B-63773459089F}"
EndProject
Global
	GlobalSection(SolutionConfigurationPlatforms) = preSolution
		Debug|Any CPU = Debug|Any CPU
		Release|Any CPU = Release|Any CPU
	EndGlobalSection
	GlobalSection(ProjectConfigurationPlatforms) = postSolution
		{A3FFDBAA-5611-4AD0-995B-63773459089F}.Debug|Any CPU.ActiveCfg = Debug|Any CPU
		{A3FFDBAA-5611-4AD0-995B-63773459089F}.Debug|Any CPU.Build.0 = Debug|Any CPU
		{A3FFDBAA-5611-4AD0-995B-63773459089F}.Release|Any CPU.ActiveCfg = Release|Any CPU
		{A3FFDBAA-5611-4AD0-995B-63773459089F}.Release|Any CPU.Build.0 = Release|Any CPU
	EndGlobalSection
	GlobalSection(SolutionProperties) = preSolution
		HideSolutionNode = FALSE
	EndGlobalSection
	GlobalSection(ExtensibilityGlobals) = postSolution
		SolutionGuid = {90C0A47E-6176-4671-99E0-CF6012F08B9F}
	EndGlobalSection
EndGlobal
